
Microsoft Visual Studio Solution File, Format Version 9.00
# Visual Studio 2005
Project("{FAE04EC0-301F-11D3-BF4B-00C04F79EFBC}") = "wiimoteremote", "WindowsApplication1\wiimoteremote.csproj", "{98041AE3-DF1C-42E9-8506-14F286D0932B}"
EndProject
Global
	GlobalSection(SolutionConfigurationPlatforms) = preSolution
		Debug|Any CPU = Debug|Any CPU
		Release|Any CPU = Release|Any CPU
	EndGlobalSection
	GlobalSection(ProjectConfigurationPlatforms) = postSolution
		{98041AE3-DF1C-42E9-8506-14F286D0932B}.Debug|Any CPU.ActiveCfg = Debug|Any CPU
		{98041AE3-DF1C-42E9-8506-14F286D0932B}.Debug|Any CPU.Build.0 = Debug|Any CPU
		{98041AE3-DF1C-42E9-8506-14F286D0932B}.Release|Any CPU.ActiveCfg = Release|Any CPU
		{98041AE3-DF1C-42E9-8506-14F286D0932B}.Release|Any CPU.Build.0 = Release|Any CPU
	EndGlobalSection
	GlobalSection(SolutionProperties) = preSolution
		HideSolutionNode = FALSE
	EndGlobalSection
	GlobalSection(ExtensibilityGlobals) = postSolution
		VisualSVNWorkingCopyRoot = 
	EndGlobalSection
EndGlobal
